// !$*UTF8*$!
{
	archiveVersion = 1;
	classes = {
	};
	objectVersion = 46;
	objects = {

/* Begin PBXBuildFile section */
		769B8FE61DA3783D00EBE557 /* AppDelegate.swift in Sources */ = {isa = PBXBuildFile; fileRef = 769B8FE51DA3783D00EBE557 /* AppDelegate.swift */; };
		769B8FE81DA3783D00EBE557 /* ViewController.swift in Sources */ = {isa = PBXBuildFile; fileRef = 769B8FE71DA3783D00EBE557 /* ViewController.swift */; };
		769B8FEB1DA3783D00EBE557 /* Main.storyboard in Resources */ = {isa = PBXBuildFile; fileRef = 769B8FE91DA3783D00EBE557 /* Main.storyboard */; };
		769B8FED1DA3783D00EBE557 /* Assets.xcassets in Resources */ = {isa = PBXBuildFile; fileRef = 769B8FEC1DA3783D00EBE557 /* Assets.xcassets */; };
		769B8FF01DA3783D00EBE557 /* LaunchScreen.storyboard in Resources */ = {isa = PBXBuildFile; fileRef = 769B8FEE1DA3783D00EBE557 /* LaunchScreen.storyboard */; };
		769B8FFB1DA3783D00EBE557 /* emoji_listTests.swift in Sources */ = {isa = PBXBuildFile; fileRef = 769B8FFA1DA3783D00EBE557 /* emoji_listTests.swift */; };
		769B90061DA3783D00EBE557 /* emoji_listUITests.swift in Sources */ = {isa = PBXBuildFile; fileRef = 769B90051DA3783D00EBE557 /* emoji_listUITests.swift */; };
/* End PBXBuildFile section */

/* Begin PBXContainerItemProxy section */
		769B8FF71DA3783D00EBE557 /* PBXContainerItemProxy */ = {
			isa = PBXContainerItemProxy;
			containerPortal = 769B8FDA1DA3783C00EBE557 /* Project object */;
			proxyType = 1;
			remoteGlobalIDString = 769B8FE11DA3783C00EBE557;
			remoteInfo = "emoji list";
		};
		769B90021DA3783D00EBE557 /* PBXContainerItemProxy */ = {
			isa = PBXContainerItemProxy;
			containerPortal = 769B8FDA1DA3783C00EBE557 /* Project object */;
			proxyType = 1;
			remoteGlobalIDString = 769B8FE11DA3783C00EBE557;
			remoteInfo = "emoji list";
		};
/* End PBXContainerItemProxy section */

/* Begin PBXFileReference section */
		769B8FE21DA3783D00EBE557 /* emoji list.app */ = {isa = PBXFileReference; explicitFileType = wrapper.application; includeInIndex = 0; path = "emoji list.app"; sourceTree = BUILT_PRODUCTS_DIR; };
		769B8FE51DA3783D00EBE557 /* AppDelegate.swift */ = {isa = PBXFileReference; lastKnownFileType = sourcecode.swift; path = AppDelegate.swift; sourceTree = "<group>"; };
		769B8FE71DA3783D00EBE557 /* ViewController.swift */ = {isa = PBXFileReference; lastKnownFileType = sourcecode.swift; path = ViewController.swift; sourceTree = "<group>"; };
		769B8FEA1DA3783D00EBE557 /* Base */ = {isa = PBXFileReference; lastKnownFileType = file.storyboard; name = Base; path = Base.lproj/Main.storyboard; sourceTree = "<group>"; };
		769B8FEC1DA3783D00EBE557 /* Assets.xcassets */ = {isa = PBXFileReference; lastKnownFileType = folder.assetcatalog; path = Assets.xcassets; sourceTree = "<group>"; };
		769B8FEF1DA3783D00EBE557 /* Base */ = {isa = PBXFileReference; lastKnownFileType = file.storyboard; name = Base; path = Base.lproj/LaunchScreen.storyboard; sourceTree = "<group>"; };
		769B8FF11DA3783D00EBE557 /* Info.plist */ = {isa = PBXFileReference; lastKnownFileType = text.plist.xml; path = Info.plist; sourceTree = "<group>"; };
		769B8FF61DA3783D00EBE557 /* emoji listTests.xctest */ = {isa = PBXFileReference; explicitFileType = wrapper.cfbundle; includeInIndex = 0; path = "emoji listTests.xctest"; sourceTree = BUILT_PRODUCTS_DIR; };
		769B8FFA1DA3783D00EBE557 /* emoji_listTests.swift */ = {isa = PBXFileReference; lastKnownFileType = sourcecode.swift; path = emoji_listTests.swift; sourceTree = "<group>"; };
		769B8FFC1DA3783D00EBE557 /* Info.plist */ = {isa = PBXFileReference; lastKnownFileType = text.plist.xml; path = Info.plist; sourceTree = "<group>"; };
		769B90011DA3783D00EBE557 /* emoji listUITests.xctest */ = {isa = PBXFileReference; explicitFileType = wrapper.cfbundle; includeInIndex = 0; path = "emoji listUITests.xctest"; sourceTree = BUILT_PRODUCTS_DIR; };
		769B90051DA3783D00EBE557 /* emoji_listUITests.swift */ = {isa = PBXFileReference; lastKnownFileType = sourcecode.swift; path = emoji_listUITests.swift; sourceTree = "<group>"; };
		769B90071DA3783D00EBE557 /* Info.plist */ = {isa = PBXFileReference; lastKnownFileType = text.plist.xml; path = Info.plist; sourceTree = "<group>"; };
/* End PBXFileReference section */

/* Begin PBXFrameworksBuildPhase section */
		769B8FDF1DA3783C00EBE557 /* Frameworks */ = {
			isa = PBXFrameworksBuildPhase;
			buildActionMask = 2147483647;
			files = (
			);
			runOnlyForDeploymentPostprocessing = 0;
		};
		769B8FF31DA3783D00EBE557 /* Frameworks */ = {
			isa = PBXFrameworksBuildPhase;
			buildActionMask = 2147483647;
			files = (
			);
			runOnlyForDeploymentPostprocessing = 0;
		};
		769B8FFE1DA3783D00EBE557 /* Frameworks */ = {
			isa = PBXFrameworksBuildPhase;
			buildActionMask = 2147483647;
			files = (
			);
			runOnlyForDeploymentPostprocessing = 0;
		};
/* End PBXFrameworksBuildPhase section */

/* Begin PBXGroup section */
		769B8FD91DA3783C00EBE557 = {
			isa = PBXGroup;
			children = (
				769B8FE41DA3783D00EBE557 /* emoji list */,
				769B8FF91DA3783D00EBE557 /* emoji listTests */,
				769B90041DA3783D00EBE557 /* emoji listUITests */,
				769B8FE31DA3783D00EBE557 /* Products */,
			);
			sourceTree = "<group>";
		};
		769B8FE31DA3783D00EBE557 /* Products */ = {
			isa = PBXGroup;
			children = (
				769B8FE21DA3783D00EBE557 /* emoji list.app */,
				769B8FF61DA3783D00EBE557 /* emoji listTests.xctest */,
				769B90011DA3783D00EBE557 /* emoji listUITests.xctest */,
			);
			name = Products;
			sourceTree = "<group>";
		};
		769B8FE41DA3783D00EBE557 /* emoji list */ = {
			isa = PBXGroup;
			children = (
				769B8FE51DA3783D00EBE557 /* AppDelegate.swift */,
				769B8FE71DA3783D00EBE557 /* ViewController.swift */,
				769B8FE91DA3783D00EBE557 /* Main.storyboard */,
				769B8FEC1DA3783D00EBE557 /* Assets.xcassets */,
				769B8FEE1DA3783D00EBE557 /* LaunchScreen.storyboard */,
				769B8FF11DA3783D00EBE557 /* Info.plist */,
			);
			path = "emoji list";
			sourceTree = "<group>";
		};
		769B8FF91DA3783D00EBE557 /* emoji listTests */ = {
			isa = PBXGroup;
			children = (
				769B8FFA1DA3783D00EBE557 /* emoji_listTests.swift */,
				769B8FFC1DA3783D00EBE557 /* Info.plist */,
			);
			path = "emoji listTests";
			sourceTree = "<group>";
		};
		769B90041DA3783D00EBE557 /* emoji listUITests */ = {
			isa = PBXGroup;
			children = (
				769B90051DA3783D00EBE557 /* emoji_listUITests.swift */,
				769B90071DA3783D00EBE557 /* Info.plist */,
			);
			path = "emoji listUITests";
			sourceTree = "<group>";
		};
/* End PBXGroup section */

/* Begin PBXNativeTarget section */
		769B8FE11DA3783C00EBE557 /* emoji list */ = {
			isa = PBXNativeTarget;
			buildConfigurationList = 769B900A1DA3783D00EBE557 /* Build configuration list for PBXNativeTarget "emoji list" */;
			buildPhases = (
				769B8FDE1DA3783C00EBE557 /* Sources */,
				769B8FDF1DA3783C00EBE557 /* Frameworks */,
				769B8FE01DA3783C00EBE557 /* Resources */,
			);
			buildRules = (
			);
			dependencies = (
			);
			name = "emoji list";
			productName = "emoji list";
			productReference = 769B8FE21DA3783D00EBE557 /* emoji list.app */;
			productType = "com.apple.product-type.application";
		};
		769B8FF51DA3783D00EBE557 /* emoji listTests */ = {
			isa = PBXNativeTarget;
			buildConfigurationList = 769B900D1DA3783D00EBE557 /* Build configuration list for PBXNativeTarget "emoji listTests" */;
			buildPhases = (
				769B8FF21DA3783D00EBE557 /* Sources */,
				769B8FF31DA3783D00EBE557 /* Frameworks */,
				769B8FF41DA3783D00EBE557 /* Resources */,
			);
			buildRules = (
			);
			dependencies = (
				769B8FF81DA3783D00EBE557 /* PBXTargetDependency */,
			);
			name = "emoji listTests";
			productName = "emoji listTests";
			productReference = 769B8FF61DA3783D00EBE557 /* emoji listTests.xctest */;
			productType = "com.apple.product-type.bundle.unit-test";
		};
		769B90001DA3783D00EBE557 /* emoji listUITests */ = {
			isa = PBXNativeTarget;
			buildConfigurationList = 769B90101DA3783D00EBE557 /* Build configuration list for PBXNativeTarget "emoji listUITests" */;
			buildPhases = (
				769B8FFD1DA3783D00EBE557 /* Sources */,
				769B8FFE1DA3783D00EBE557 /* Frameworks */,
				769B8FFF1DA3783D00EBE557 /* Resources */,
			);
			buildRules = (
			);
			dependencies = (
				769B90031DA3783D00EBE557 /* PBXTargetDependency */,
			);
			name = "emoji listUITests";
			productName = "emoji listUITests";
			productReference = 769B90011DA3783D00EBE557 /* emoji listUITests.xctest */;
			productType = "com.apple.product-type.bundle.ui-testing";
		};
/* End PBXNativeTarget section */

/* Begin PBXProject section */
		769B8FDA1DA3783C00EBE557 /* Project object */ = {
			isa = PBXProject;
			attributes = {
				LastSwiftUpdateCheck = 0800;
				LastUpgradeCheck = 0800;
				ORGANIZATIONNAME = "Samyak Shah";
				TargetAttributes = {
					769B8FE11DA3783C00EBE557 = {
						CreatedOnToolsVersion = 8.0;
						ProvisioningStyle = Automatic;
					};
					769B8FF51DA3783D00EBE557 = {
						CreatedOnToolsVersion = 8.0;
						ProvisioningStyle = Automatic;
						TestTargetID = 769B8FE11DA3783C00EBE557;
					};
					769B90001DA3783D00EBE557 = {
						CreatedOnToolsVersion = 8.0;
						ProvisioningStyle = Automatic;
						TestTargetID = 769B8FE11DA3783C00EBE557;
					};
				};
			};
			buildConfigurationList = 769B8FDD1DA3783C00EBE557 /* Build configuration list for PBXProject "emoji list" */;
			compatibilityVersion = "Xcode 3.2";
			developmentRegion = English;
			hasScannedForEncodings = 0;
			knownRegions = (
				en,
				Base,
			);
			mainGroup = 769B8FD91DA3783C00EBE557;
			productRefGroup = 769B8FE31DA3783D00EBE557 /* Products */;
			projectDirPath = "";
			projectRoot = "";
			targets = (
				769B8FE11DA3783C00EBE557 /* emoji list */,
				769B8FF51DA3783D00EBE557 /* emoji listTests */,
				769B90001DA3783D00EBE557 /* emoji listUITests */,
			);
		};
/* End PBXProject section */

/* Begin PBXResourcesBuildPhase section */
		769B8FE01DA3783C00EBE557 /* Resources */ = {
			isa = PBXResourcesBuildPhase;
			buildActionMask = 2147483647;
			files = (
				769B8FF01DA3783D00EBE557 /* LaunchScreen.storyboard in Resources */,
				769B8FED1DA3783D00EBE557 /* Assets.xcassets in Resources */,
				769B8FEB1DA3783D00EBE557 /* Main.storyboard in Resources */,
			);
			runOnlyForDeploymentPostprocessing = 0;
		};
		769B8FF41DA3783D00EBE557 /* Resources */ = {
			isa = PBXResourcesBuildPhase;
			buildActionMask = 2147483647;
			files = (
			);
			runOnlyForDeploymentPostprocessing = 0;
		};
		769B8FFF1DA3783D00EBE557 /* Resources */ = {
			isa = PBXResourcesBuildPhase;
			buildActionMask = 2147483647;
			files = (
			);
			runOnlyForDeploymentPostprocessing = 0;
		};
/* End PBXResourcesBuildPhase section */

/* Begin PBXSourcesBuildPhase section */
		769B8FDE1DA3783C00EBE557 /* Sources */ = {
			isa = PBXSourcesBuildPhase;
			buildActionMask = 2147483647;
			files = (
				769B8FE81DA3783D00EBE557 /* ViewController.swift in Sources */,
				769B8FE61DA3783D00EBE557 /* AppDelegate.swift in Sources */,
			);
			runOnlyForDeploymentPostprocessing = 0;
		};
		769B8FF21DA3783D00EBE557 /* Sources */ = {
			isa = PBXSourcesBuildPhase;
			buildActionMask = 2147483647;
			files = (
				769B8FFB1DA3783D00EBE557 /* emoji_listTests.swift in Sources */,
			);
			runOnlyForDeploymentPostprocessing = 0;
		};
		769B8FFD1DA3783D00EBE557 /* Sources */ = {
			isa = PBXSourcesBuildPhase;
			buildActionMask = 2147483647;
			files = (
				769B90061DA3783D00EBE557 /* emoji_listUITests.swift in Sources */,
			);
			runOnlyForDeploymentPostprocessing = 0;
		};
/* End PBXSourcesBuildPhase section */

/* Begin PBXTargetDependency section */
		769B8FF81DA3783D00EBE557 /* PBXTargetDependency */ = {
			isa = PBXTargetDependency;
			target = 769B8FE11DA3783C00EBE557 /* emoji list */;
			targetProxy = 769B8FF71DA3783D00EBE557 /* PBXContainerItemProxy */;
		};
		769B90031DA3783D00EBE557 /* PBXTargetDependency */ = {
			isa = PBXTargetDependency;
			target = 769B8FE11DA3783C00EBE557 /* emoji list */;
			targetProxy = 769B90021DA3783D00EBE557 /* PBXContainerItemProxy */;
		};
/* End PBXTargetDependency section */

/* Begin PBXVariantGroup section */
		769B8FE91DA3783D00EBE557 /* Main.storyboard */ = {
			isa = PBXVariantGroup;
			children = (
				769B8FEA1DA3783D00EBE557 /* Base */,
			);
			name = Main.storyboard;
			sourceTree = "<group>";
		};
		769B8FEE1DA3783D00EBE557 /* LaunchScreen.storyboard */ = {
			isa = PBXVariantGroup;
			children = (
				769B8FEF1DA3783D00EBE557 /* Base */,
			);
			name = LaunchScreen.storyboard;
			sourceTree = "<group>";
		};
/* End PBXVariantGroup section */

/* Begin XCBuildConfiguration section */
		769B90081DA3783D00EBE557 /* Debug */ = {
			isa = XCBuildConfiguration;
			buildSettings = {
				ALWAYS_SEARCH_USER_PATHS = NO;
				CLANG_ANALYZER_NONNULL = YES;
				CLANG_CXX_LANGUAGE_STANDARD = "gnu++0x";
				CLANG_CXX_LIBRARY = "libc++";
				CLANG_ENABLE_MODULES = YES;
				CLANG_ENABLE_OBJC_ARC = YES;
				CLANG_WARN_BOOL_CONVERSION = YES;
				CLANG_WARN_CONSTANT_CONVERSION = YES;
				CLANG_WARN_DIRECT_OBJC_ISA_USAGE = YES_ERROR;
				CLANG_WARN_DOCUMENTATION_COMMENTS = YES;
				CLANG_WARN_EMPTY_BODY = YES;
				CLANG_WARN_ENUM_CONVERSION = YES;
				CLANG_WARN_INFINITE_RECURSION = YES;
				CLANG_WARN_INT_CONVERSION = YES;
				CLANG_WARN_OBJC_ROOT_CLASS = YES_ERROR;
				CLANG_WARN_SUSPICIOUS_MOVES = YES;
				CLANG_WARN_UNREACHABLE_CODE = YES;
				CLANG_WARN__DUPLICATE_METHOD_MATCH = YES;
				"CODE_SIGN_IDENTITY[sdk=iphoneos*]" = "iPhone Developer";
				COPY_PHASE_STRIP = NO;
				DEBUG_INFORMATION_FORMAT = dwarf;
				ENABLE_STRICT_OBJC_MSGSEND = YES;
				ENABLE_TESTABILITY = YES;
				GCC_C_LANGUAGE_STANDARD = gnu99;
				GCC_DYNAMIC_NO_PIC = NO;
				GCC_NO_COMMON_BLOCKS = YES;
				GCC_OPTIMIZATION_LEVEL = 0;
				GCC_PREPROCESSOR_DEFINITIONS = (
					"DEBUG=1",
					"$(inherited)",
				);
				GCC_WARN_64_TO_32_BIT_CONVERSION = YES;
				GCC_WARN_ABOUT_RETURN_TYPE = YES_ERROR;
				GCC_WARN_UNDECLARED_SELECTOR = YES;
				GCC_WARN_UNINITIALIZED_AUTOS = YES_AGGRESSIVE;
				GCC_WARN_UNUSED_FUNCTION = YES;
				GCC_WARN_UNUSED_VARIABLE = YES;
				IPHONEOS_DEPLOYMENT_TARGET = 10.0;
				MTL_ENABLE_DEBUG_INFO = YES;
				ONLY_ACTIVE_ARCH = YES;
				SDKROOT = iphoneos;
				SWIFT_ACTIVE_COMPILATION_CONDITIONS = DEBUG;
				SWIFT_OPTIMIZATION_LEVEL = "-Onone";
				TARGETED_DEVICE_FAMILY = "1,2";
			};
			name = Debug;
		};
		769B90091DA3783D00EBE557 /* Release */ = {
			isa = XCBuildConfiguration;
			buildSettings = {
				ALWAYS_SEARCH_USER_PATHS = NO;
				CLANG_ANALYZER_NONNULL = YES;
				CLANG_CXX_LANGUAGE_STANDARD = "gnu++0x";
				CLANG_CXX_LIBRARY = "libc++";
				CLANG_ENABLE_MODULES = YES;
				CLANG_ENABLE_OBJC_ARC = YES;
				CLANG_WARN_BOOL_CONVERSION = YES;
				CLANG_WARN_CONSTANT_CONVERSION = YES;
				CLANG_WARN_DIRECT_OBJC_ISA_USAGE = YES_ERROR;
				CLANG_WARN_DOCUMENTATION_COMMENTS = YES;
				CLANG_WARN_EMPTY_BODY = YES;
				CLANG_WARN_ENUM_CONVERSION = YES;
				CLANG_WARN_INFINITE_RECURSION = YES;
				CLANG_WARN_INT_CONVERSION = YES;
				CLANG_WARN_OBJC_ROOT_CLASS = YES_ERROR;
				CLANG_WARN_SUSPICIOUS_MOVES = YES;
				CLANG_WARN_UNREACHABLE_CODE = YES;
				CLANG_WARN__DUPLICATE_METHOD_MATCH = YES;
				"CODE_SIGN_IDENTITY[sdk=iphoneos*]" = "iPhone Developer";
				COPY_PHASE_STRIP = NO;
				DEBUG_INFORMATION_FORMAT = "dwarf-with-dsym";
				ENABLE_NS_ASSERTIONS = NO;
				ENABLE_STRICT_OBJC_MSGSEND = YES;
				GCC_C_LANGUAGE_STANDARD = gnu99;
				GCC_NO_COMMON_BLOCKS = YES;
				GCC_WARN_64_TO_32_BIT_CONVERSION = YES;
				GCC_WARN_ABOUT_RETURN_TYPE = YES_ERROR;
				GCC_WARN_UNDECLARED_SELECTOR = YES;
				GCC_WARN_UNINITIALIZED_AUTOS = YES_AGGRESSIVE;
				GCC_WARN_UNUSED_FUNCTION = YES;
				GCC_WARN_UNUSED_VARIABLE = YES;
				IPHONEOS_DEPLOYMENT_TARGET = 10.0;
				MTL_ENABLE_DEBUG_INFO = NO;
				SDKROOT = iphoneos;
				SWIFT_OPTIMIZATION_LEVEL = "-Owholemodule";
				TARGETED_DEVICE_FAMILY = "1,2";
				VALIDATE_PRODUCT = YES;
			};
			name = Release;
		};
		769B900B1DA3783D00EBE557 /* Debug */ = {
			isa = XCBuildConfiguration;
			buildSettings = {
				ASSETCATALOG_COMPILER_APPICON_NAME = AppIcon;
				INFOPLIST_FILE = "emoji list/Info.plist";
				LD_RUNPATH_SEARCH_PATHS = "$(inherited) @executable_path/Frameworks";
				PRODUCT_BUNDLE_IDENTIFIER = "samyaks.emoji-list";
				PRODUCT_NAME = "$(TARGET_NAME)";
				SWIFT_VERSION = 3.0;
			};
			name = Debug;
		};
		769B900C1DA3783D00EBE557 /* Release */ = {
			isa = XCBuildConfiguration;
			buildSettings = {
				ASSETCATALOG_COMPILER_APPICON_NAME = AppIcon;
				INFOPLIST_FILE = "emoji list/Info.plist";
				LD_RUNPATH_SEARCH_PATHS = "$(inherited) @executable_path/Frameworks";
				PRODUCT_BUNDLE_IDENTIFIER = "samyaks.emoji-list";
				PRODUCT_NAME = "$(TARGET_NAME)";
				SWIFT_VERSION = 3.0;
			};
			name = Release;
		};
		769B900E1DA3783D00EBE557 /* Debug */ = {
			isa = XCBuildConfiguration;
			buildSettings = {
				ALWAYS_EMBED_SWIFT_STANDARD_LIBRARIES = YES;
				BUNDLE_LOADER = "$(TEST_HOST)";
				INFOPLIST_FILE = "emoji listTests/Info.plist";
				LD_RUNPATH_SEARCH_PATHS = "$(inherited) @executable_path/Frameworks @loader_path/Frameworks";
				PRODUCT_BUNDLE_IDENTIFIER = "samyaks.emoji-listTests";
				PRODUCT_NAME = "$(TARGET_NAME)";
				SWIFT_VERSION = 3.0;
				TEST_HOST = "$(BUILT_PRODUCTS_DIR)/emoji list.app/emoji list";
			};
			name = Debug;
		};
		769B900F1DA3783D00EBE557 /* Release */ = {
			isa = XCBuildConfiguration;
			buildSettings = {
				ALWAYS_EMBED_SWIFT_STANDARD_LIBRARIES = YES;
				BUNDLE_LOADER = "$(TEST_HOST)";
				INFOPLIST_FILE = "emoji listTests/Info.plist";
				LD_RUNPATH_SEARCH_PATHS = "$(inherited) @executable_path/Frameworks @loader_path/Frameworks";
				PRODUCT_BUNDLE_IDENTIFIER = "samyaks.emoji-listTests";
				PRODUCT_NAME = "$(TARGET_NAME)";
				SWIFT_VERSION = 3.0;
				TEST_HOST = "$(BUILT_PRODUCTS_DIR)/emoji list.app/emoji list";
			};
			name = Release;
		};
		769B90111DA3783D00EBE557 /* Debug */ = {
			isa = XCBuildConfiguration;
			buildSettings = {
				ALWAYS_EMBED_SWIFT_STANDARD_LIBRARIES = YES;
				INFOPLIST_FILE = "emoji listUITests/Info.plist";
				LD_RUNPATH_SEARCH_PATHS = "$(inherited) @executable_path/Frameworks @loader_path/Frameworks";
				PRODUCT_BUNDLE_IDENTIFIER = "samyaks.emoji-listUITests";
				PRODUCT_NAME = "$(TARGET_NAME)";
				SWIFT_VERSION = 3.0;
				TEST_TARGET_NAME = "emoji list";
			};
			name = Debug;
		};
		769B90121DA3783D00EBE557 /* Release */ = {
			isa = XCBuildConfiguration;
			buildSettings = {
				ALWAYS_EMBED_SWIFT_STANDARD_LIBRARIES = YES;
				INFOPLIST_FILE = "emoji listUITests/Info.plist";
				LD_RUNPATH_SEARCH_PATHS = "$(inherited) @executable_path/Frameworks @loader_path/Frameworks";
				PRODUCT_BUNDLE_IDENTIFIER = "samyaks.emoji-listUITests";
				PRODUCT_NAME = "$(TARGET_NAME)";
				SWIFT_VERSION = 3.0;
				TEST_TARGET_NAME = "emoji list";
			};
			name = Release;
		};
/* End XCBuildConfiguration section */

/* Begin XCConfigurationList section */
		769B8FDD1DA3783C00EBE557 /* Build configuration list for PBXProject "emoji list" */ = {
			isa = XCConfigurationList;
			buildConfigurations = (
				769B90081DA3783D00EBE557 /* Debug */,
				769B90091DA3783D00EBE557 /* Release */,
			);
			defaultConfigurationIsVisible = 0;
			defaultConfigurationName = Release;
		};
		769B900A1DA3783D00EBE557 /* Build configuration list for PBXNativeTarget "emoji list" */ = {
			isa = XCConfigurationList;
			buildConfigurations = (
				769B900B1DA3783D00EBE557 /* Debug */,
				769B900C1DA3783D00EBE557 /* Release */,
			);
			defaultConfigurationIsVisible = 0;
		};
		769B900D1DA3783D00EBE557 /* Build configuration list for PBXNativeTarget "emoji listTests" */ = {
			isa = XCConfigurationList;
			buildConfigurations = (
				769B900E1DA3783D00EBE557 /* Debug */,
				769B900F1DA3783D00EBE557 /* Release */,
			);
			defaultConfigurationIsVisible = 0;
		};
		769B90101DA3783D00EBE557 /* Build configuration list for PBXNativeTarget "emoji listUITests" */ = {
			isa = XCConfigurationList;
			buildConfigurations = (
				769B90111DA3783D00EBE557 /* Debug */,
				769B90121DA3783D00EBE557 /* Release */,
			);
			defaultConfigurationIsVisible = 0;
		};
/* End XCConfigurationList section */
	};
	rootObject = 769B8FDA1DA3783C00EBE557 /* Project object */;
}
